
Microsoft Visual Studio Solution File, Format Version 12.00
Project("{FAE04EC0-301F-11D3-BF4B-00C04F79EFBC}") = "Spm.Web.Api", "Spm.Web.Api\Spm.Web.Api.csproj", "{81AF4F9A-DED0-4CFA-9597-22EE88ADCFA4}"
EndProject
Project("{FAE04EC0-301F-11D3-BF4B-00C04F79EFBC}") = "Spm.Web.Client.Grpc", "Spm.Web.Client.Grpc\Spm.Web.Client.Grpc.csproj", "{7720F9F5-6B88-4A2D-91B4-11D4E8F74F67}"
EndProject
Project("{FAE04EC0-301F-11D3-BF4B-00C04F79EFBC}") = "Spm.Domain", "Spm.Domain\Spm.Domain.csproj", "{001A1B10-A4DC-4E9F-BAF8-2F60FDAE4EDB}"
EndProject
Project("{FAE04EC0-301F-11D3-BF4B-00C04F79EFBC}") = "Spm.Data.Index.Postgres", "Spm.Data.Index.Postgres\Spm.Data.Index.Postgres.csproj", "{FF5DC036-2C2F-46EB-9677-BB49997B1F40}"
EndProject
Project("{FAE04EC0-301F-11D3-BF4B-00C04F79EFBC}") = "Spm.Data.Index.Mongo", "Spm.Data.Index.Mongo\Spm.Data.Index.Mongo.csproj", "{68196559-2267-491B-A97C-5DB645CB0EA2}"
EndProject
Project("{FAE04EC0-301F-11D3-BF4B-00C04F79EFBC}") = "Spm.Data.Storage.S3", "Spm.Data.Storage.S3\Spm.Data.Storage.S3.csproj", "{A236BFC1-B936-4D25-9E31-7A01F5F92E18}"
EndProject
Project("{FAE04EC0-301F-11D3-BF4B-00C04F79EFBC}") = "Spm.Data.Storage.Fs", "Spm.Data.Storage.Fs\Spm.Data.Storage.Fs.csproj", "{2105B0F0-0EFF-484B-9B1C-4D7C680367BA}"
EndProject
Project("{FAE04EC0-301F-11D3-BF4B-00C04F79EFBC}") = "Spm.Domain.Tests", "Spm.Domain.Tests\Spm.Domain.Tests.csproj", "{A2571072-CBD6-4E99-9970-97131BCB35C0}"
EndProject
Project("{FAE04EC0-301F-11D3-BF4B-00C04F79EFBC}") = "Spm.Web.Gui", "Spm.Web.Gui\Spm.Web.Gui.csproj", "{60134084-1F63-4DC5-B240-B3649CB59819}"
EndProject
Project("{FAE04EC0-301F-11D3-BF4B-00C04F79EFBC}") = "Spm.Web.Tests", "Spm.Web.Tests\Spm.Web.Tests.csproj", "{2D1EE74F-1164-4B42-BCBC-E8564060987A}"
EndProject
Project("{2150E333-8FDC-42A3-9474-1A3956D46DE8}") = "Web", "Web", "{4B60049E-5721-4ECD-AF04-4EFFEB93F1FF}"
EndProject
Project("{2150E333-8FDC-42A3-9474-1A3956D46DE8}") = "Data", "Data", "{E341D752-A436-41DB-A8B4-DC8AC1BD9FEA}"
EndProject
Project("{2150E333-8FDC-42A3-9474-1A3956D46DE8}") = "Domain", "Domain", "{643AC05A-E938-4FFF-86EB-D719857BF19B}"
EndProject
Project("{FAE04EC0-301F-11D3-BF4B-00C04F79EFBC}") = "Spm.Web.Common", "Spm.Web.Common\Spm.Web.Common.csproj", "{8FAB90CA-0EE6-4317-875B-3466E6FE8619}"
EndProject
Project("{FAE04EC0-301F-11D3-BF4B-00C04F79EFBC}") = "Spm.Web.Client.Abstraction", "Spm.Web.Client.Abstraction\Spm.Web.Client.Abstraction.csproj", "{76D30CD6-F693-4760-B83B-AE2E23A4FFBF}"
EndProject
Global
	GlobalSection(SolutionConfigurationPlatforms) = preSolution
		Debug|Any CPU = Debug|Any CPU
		Release|Any CPU = Release|Any CPU
	EndGlobalSection
	GlobalSection(ProjectConfigurationPlatforms) = postSolution
		{81AF4F9A-DED0-4CFA-9597-22EE88ADCFA4}.Debug|Any CPU.ActiveCfg = Debug|Any CPU
		{81AF4F9A-DED0-4CFA-9597-22EE88ADCFA4}.Debug|Any CPU.Build.0 = Debug|Any CPU
		{81AF4F9A-DED0-4CFA-9597-22EE88ADCFA4}.Release|Any CPU.ActiveCfg = Release|Any CPU
		{81AF4F9A-DED0-4CFA-9597-22EE88ADCFA4}.Release|Any CPU.Build.0 = Release|Any CPU
		{7720F9F5-6B88-4A2D-91B4-11D4E8F74F67}.Debug|Any CPU.ActiveCfg = Debug|Any CPU
		{7720F9F5-6B88-4A2D-91B4-11D4E8F74F67}.Debug|Any CPU.Build.0 = Debug|Any CPU
		{7720F9F5-6B88-4A2D-91B4-11D4E8F74F67}.Release|Any CPU.ActiveCfg = Release|Any CPU
		{7720F9F5-6B88-4A2D-91B4-11D4E8F74F67}.Release|Any CPU.Build.0 = Release|Any CPU
		{001A1B10-A4DC-4E9F-BAF8-2F60FDAE4EDB}.Debug|Any CPU.ActiveCfg = Debug|Any CPU
		{001A1B10-A4DC-4E9F-BAF8-2F60FDAE4EDB}.Debug|Any CPU.Build.0 = Debug|Any CPU
		{001A1B10-A4DC-4E9F-BAF8-2F60FDAE4EDB}.Release|Any CPU.ActiveCfg = Release|Any CPU
		{001A1B10-A4DC-4E9F-BAF8-2F60FDAE4EDB}.Release|Any CPU.Build.0 = Release|Any CPU
		{FF5DC036-2C2F-46EB-9677-BB49997B1F40}.Debug|Any CPU.ActiveCfg = Debug|Any CPU
		{FF5DC036-2C2F-46EB-9677-BB49997B1F40}.Debug|Any CPU.Build.0 = Debug|Any CPU
		{FF5DC036-2C2F-46EB-9677-BB49997B1F40}.Release|Any CPU.ActiveCfg = Release|Any CPU
		{FF5DC036-2C2F-46EB-9677-BB49997B1F40}.Release|Any CPU.Build.0 = Release|Any CPU
		{68196559-2267-491B-A97C-5DB645CB0EA2}.Debug|Any CPU.ActiveCfg = Debug|Any CPU
		{68196559-2267-491B-A97C-5DB645CB0EA2}.Debug|Any CPU.Build.0 = Debug|Any CPU
		{68196559-2267-491B-A97C-5DB645CB0EA2}.Release|Any CPU.ActiveCfg = Release|Any CPU
		{68196559-2267-491B-A97C-5DB645CB0EA2}.Release|Any CPU.Build.0 = Release|Any CPU
		{A236BFC1-B936-4D25-9E31-7A01F5F92E18}.Debug|Any CPU.ActiveCfg = Debug|Any CPU
		{A236BFC1-B936-4D25-9E31-7A01F5F92E18}.Debug|Any CPU.Build.0 = Debug|Any CPU
		{A236BFC1-B936-4D25-9E31-7A01F5F92E18}.Release|Any CPU.ActiveCfg = Release|Any CPU
		{A236BFC1-B936-4D25-9E31-7A01F5F92E18}.Release|Any CPU.Build.0 = Release|Any CPU
		{2105B0F0-0EFF-484B-9B1C-4D7C680367BA}.Debug|Any CPU.ActiveCfg = Debug|Any CPU
		{2105B0F0-0EFF-484B-9B1C-4D7C680367BA}.Debug|Any CPU.Build.0 = Debug|Any CPU
		{2105B0F0-0EFF-484B-9B1C-4D7C680367BA}.Release|Any CPU.ActiveCfg = Release|Any CPU
		{2105B0F0-0EFF-484B-9B1C-4D7C680367BA}.Release|Any CPU.Build.0 = Release|Any CPU
		{A2571072-CBD6-4E99-9970-97131BCB35C0}.Debug|Any CPU.ActiveCfg = Debug|Any CPU
		{A2571072-CBD6-4E99-9970-97131BCB35C0}.Debug|Any CPU.Build.0 = Debug|Any CPU
		{A2571072-CBD6-4E99-9970-97131BCB35C0}.Release|Any CPU.ActiveCfg = Release|Any CPU
		{A2571072-CBD6-4E99-9970-97131BCB35C0}.Release|Any CPU.Build.0 = Release|Any CPU
		{60134084-1F63-4DC5-B240-B3649CB59819}.Debug|Any CPU.ActiveCfg = Debug|Any CPU
		{60134084-1F63-4DC5-B240-B3649CB59819}.Debug|Any CPU.Build.0 = Debug|Any CPU
		{60134084-1F63-4DC5-B240-B3649CB59819}.Release|Any CPU.ActiveCfg = Release|Any CPU
		{60134084-1F63-4DC5-B240-B3649CB59819}.Release|Any CPU.Build.0 = Release|Any CPU
		{2D1EE74F-1164-4B42-BCBC-E8564060987A}.Debug|Any CPU.ActiveCfg = Debug|Any CPU
		{2D1EE74F-1164-4B42-BCBC-E8564060987A}.Debug|Any CPU.Build.0 = Debug|Any CPU
		{2D1EE74F-1164-4B42-BCBC-E8564060987A}.Release|Any CPU.ActiveCfg = Release|Any CPU
		{2D1EE74F-1164-4B42-BCBC-E8564060987A}.Release|Any CPU.Build.0 = Release|Any CPU
		{8FAB90CA-0EE6-4317-875B-3466E6FE8619}.Debug|Any CPU.ActiveCfg = Debug|Any CPU
		{8FAB90CA-0EE6-4317-875B-3466E6FE8619}.Debug|Any CPU.Build.0 = Debug|Any CPU
		{8FAB90CA-0EE6-4317-875B-3466E6FE8619}.Release|Any CPU.ActiveCfg = Release|Any CPU
		{8FAB90CA-0EE6-4317-875B-3466E6FE8619}.Release|Any CPU.Build.0 = Release|Any CPU
		{76D30CD6-F693-4760-B83B-AE2E23A4FFBF}.Debug|Any CPU.ActiveCfg = Debug|Any CPU
		{76D30CD6-F693-4760-B83B-AE2E23A4FFBF}.Debug|Any CPU.Build.0 = Debug|Any CPU
		{76D30CD6-F693-4760-B83B-AE2E23A4FFBF}.Release|Any CPU.ActiveCfg = Release|Any CPU
		{76D30CD6-F693-4760-B83B-AE2E23A4FFBF}.Release|Any CPU.Build.0 = Release|Any CPU
	EndGlobalSection
	GlobalSection(NestedProjects) = preSolution
		{68196559-2267-491B-A97C-5DB645CB0EA2} = {E341D752-A436-41DB-A8B4-DC8AC1BD9FEA}
		{A236BFC1-B936-4D25-9E31-7A01F5F92E18} = {E341D752-A436-41DB-A8B4-DC8AC1BD9FEA}
		{2105B0F0-0EFF-484B-9B1C-4D7C680367BA} = {E341D752-A436-41DB-A8B4-DC8AC1BD9FEA}
		{FF5DC036-2C2F-46EB-9677-BB49997B1F40} = {E341D752-A436-41DB-A8B4-DC8AC1BD9FEA}
		{81AF4F9A-DED0-4CFA-9597-22EE88ADCFA4} = {4B60049E-5721-4ECD-AF04-4EFFEB93F1FF}
		{7720F9F5-6B88-4A2D-91B4-11D4E8F74F67} = {4B60049E-5721-4ECD-AF04-4EFFEB93F1FF}
		{60134084-1F63-4DC5-B240-B3649CB59819} = {4B60049E-5721-4ECD-AF04-4EFFEB93F1FF}
		{2D1EE74F-1164-4B42-BCBC-E8564060987A} = {4B60049E-5721-4ECD-AF04-4EFFEB93F1FF}
		{001A1B10-A4DC-4E9F-BAF8-2F60FDAE4EDB} = {643AC05A-E938-4FFF-86EB-D719857BF19B}
		{A2571072-CBD6-4E99-9970-97131BCB35C0} = {643AC05A-E938-4FFF-86EB-D719857BF19B}
		{8FAB90CA-0EE6-4317-875B-3466E6FE8619} = {4B60049E-5721-4ECD-AF04-4EFFEB93F1FF}
		{76D30CD6-F693-4760-B83B-AE2E23A4FFBF} = {4B60049E-5721-4ECD-AF04-4EFFEB93F1FF}
	EndGlobalSection
EndGlobal
